
Microsoft Visual Studio Solution File, Format Version 12.00
# Visual Studio 14
VisualStudioVersion = 14.0.23107.0
MinimumVisualStudioVersion = 10.0.40219.1
Project("{FAE04EC0-301F-11D3-BF4B-00C04F79EFBC}") = "Home", "Home\Home.csproj", "{8FA0A493-7331-407C-8DA1-85A67024E039}"
EndProject
Project("{2150E333-8FDC-42A3-9474-1A3956D46DE8}") = "SQL", "SQL", "{4820708D-6E84-4F57-B128-36B4A2264D11}"
	ProjectSection(SolutionItems) = preProject
		script.sql = script.sql
	EndProjectSection
EndProject
Global
	GlobalSection(SolutionConfigurationPlatforms) = preSolution
		Debug|Any CPU = Debug|Any CPU
		Release|Any CPU = Release|Any CPU
	EndGlobalSection
	GlobalSection(ProjectConfigurationPlatforms) = postSolution
		{8FA0A493-7331-407C-8DA1-85A67024E039}.Debug|Any CPU.ActiveCfg = Debug|Any CPU
		{8FA0A493-7331-407C-8DA1-85A67024E039}.Debug|Any CPU.Build.0 = Debug|Any CPU
		{8FA0A493-7331-407C-8DA1-85A67024E039}.Release|Any CPU.ActiveCfg = Release|Any CPU
		{8FA0A493-7331-407C-8DA1-85A67024E039}.Release|Any CPU.Build.0 = Release|Any CPU
	EndGlobalSection
	GlobalSection(SolutionProperties) = preSolution
		HideSolutionNode = FALSE
	EndGlobalSection
EndGlobal
